
Microsoft Visual Studio Solution File, Format Version 12.00
# Visual Studio Version 17
VisualStudioVersion = 17.11.35431.28
MinimumVisualStudioVersion = 10.0.40219.1
Project("{FAE04EC0-301F-11D3-BF4B-00C04F79EFBC}") = "Щенникова_ГлазкиСейв", "Щенникова_ГлазкиСейв.csproj", "{C7A5E1E3-83E9-42B2-8967-0C24EEDEB5BF}"
EndProject
Global
	GlobalSection(SolutionConfigurationPlatforms) = preSolution
		Debug|Any CPU = Debug|Any CPU
		Release|Any CPU = Release|Any CPU
	EndGlobalSection
	GlobalSection(ProjectConfigurationPlatforms) = postSolution
		{C7A5E1E3-83E9-42B2-8967-0C24EEDEB5BF}.Debug|Any CPU.ActiveCfg = Debug|Any CPU
		{C7A5E1E3-83E9-42B2-8967-0C24EEDEB5BF}.Debug|Any CPU.Build.0 = Debug|Any CPU
		{C7A5E1E3-83E9-42B2-8967-0C24EEDEB5BF}.Release|Any CPU.ActiveCfg = Release|Any CPU
		{C7A5E1E3-83E9-42B2-8967-0C24EEDEB5BF}.Release|Any CPU.Build.0 = Release|Any CPU
	EndGlobalSection
	GlobalSection(SolutionProperties) = preSolution
		HideSolutionNode = FALSE
	EndGlobalSection
	GlobalSection(ExtensibilityGlobals) = postSolution
		SolutionGuid = {6BB4DA10-4F9E-46E3-9E70-C08076768BB7}
	EndGlobalSection
EndGlobal
